# AGENT LOCK — Mutex distribuido
schema_version: "3.0"
min_compatible_version: "2.0"
last_updated: "2026-03-09T22:00:00Z"
last_updated_by: "github-copilot"

active_agents:
  - agent_id: "github-copilot"
    session_id: "20260309-2200-session-043"
    started_at: "2026-03-09T22:00:00Z"
    last_heartbeat: "2026-03-09T22:00:00Z"
    current_task: "TASK-043"
    current_phase: "FASE 2 - Implementation"
    status: "active"

ghost_entries:
  - agent_id: "antigravity"
    session_id: "20260308-2230-antigravity"
    started_at: "2026-03-08T22:30:00Z"
    last_heartbeat: "2026-03-08T22:30:00Z"
    last_task: "TASK-015"
    detected_at: "2026-03-09T02:00:00Z"
    reason: "heartbeat timeout (>90 minutes without update)"
    cleaned_by: "github-copilot [FASE-0.2b]"
    cleaned_at: "2026-03-09T02:00:00Z"

note: "TASK-043 in_progress - Fixing GitHub Actions Maven cache issue. Deploy still fails due to stale Maven cache despite TASK-041/042 fixing pom.xml dependencies."
