# AGENT LOCK — Mutex distribuido
schema_version: "3.0"
min_compatible_version: "2.0"
last_updated: "2026-03-08T20:20:00Z"
last_updated_by: "antigravity"

active_agents:
  - agent_id: "antigravity"
    session_id: "20260308-2020-antigravity-session-027"
    started_at: "2026-03-08T20:20:00Z"
    last_heartbeat: "2026-03-08T20:20:00Z"
    current_task: "TASK-031"
    status: "working"
    working_branch: "main"
    base_branch: "main"
    locked_files:
      - "ai/tasks.yaml"
      - "services/user-service/application.yml"
      - "services/user-service/pom.xml"
    notes: "Reviewing User-Service (TASK-013) following infrastructure gap discovery."

ghost_entries: []
note: "SESSION-027 in progress: antigravity auditing TASK-031"
