# AGENT LOCK — Mutex distribuido
schema_version: "3.0"
min_compatible_version: "2.0"
last_updated: "2026-03-08T05:15:00Z"
last_updated_by: "github-copilot"
active_agents: []
ghost_entries: []
note: "github-copilot completed TASK-001 job domain analysis at 2026-03-08T05:15:00Z. No active agents. Ready for next."
